{
  "name": "flutter_application_1",
  "lockfileVersion": 2,
  "requires": true,
  "packages": {
    "": {
      "dependencies": {
        "printing": "^2.1.0"
      }
    },
    "node_modules/printing": {
      "version": "2.1.0",
      "resolved": "https://registry.npmjs.org/printing/-/printing-2.1.0.tgz",
      "integrity": "sha512-ZhiuI/Z8oyCcN95+GdO5YatHTwgzAGqF0nZdRrQkEhMVK75pnK5tH1iL3IoN+91UiT3qYckYQjiw4QGzSkrN0w=="
    }
  },
  "dependencies": {
    "printing": {
      "version": "2.1.0",
      "resolved": "https://registry.npmjs.org/printing/-/printing-2.1.0.tgz",
      "integrity": "sha512-ZhiuI/Z8oyCcN95+GdO5YatHTwgzAGqF0nZdRrQkEhMVK75pnK5tH1iL3IoN+91UiT3qYckYQjiw4QGzSkrN0w=="
    }
  }
}
